// !$*UTF8*$!
{
	archiveVersion = 1;
	classes = {
	};
	objectVersion = 50;
	objects = {

/* Begin PBXBuildFile section */
		AA02DFC3224D5D20003FC1B0 /* FriendsNC.swift in Sources */ = {isa = PBXBuildFile; fileRef = AA02DFC2224D5D20003FC1B0 /* FriendsNC.swift */; };
		AA02DFC5224E5155003FC1B0 /* GroupsNC.swift in Sources */ = {isa = PBXBuildFile; fileRef = AA02DFC4224E5155003FC1B0 /* GroupsNC.swift */; };
		AA16D340223C4B9D008BB559 /* LetterControl.swift in Sources */ = {isa = PBXBuildFile; fileRef = AA16D33F223C4B9D008BB559 /* LetterControl.swift */; };
		AA5370CC22482598006A6D7F /* Friend2VC.swift in Sources */ = {isa = PBXBuildFile; fileRef = AA5370CB22482598006A6D7F /* Friend2VC.swift */; };
		AA55592F222816B800C1A86C /* AppDelegate.swift in Sources */ = {isa = PBXBuildFile; fileRef = AA55592E222816B800C1A86C /* AppDelegate.swift */; };
		AA555934222816B800C1A86C /* Main.storyboard in Resources */ = {isa = PBXBuildFile; fileRef = AA555932222816B800C1A86C /* Main.storyboard */; };
		AA555936222816B900C1A86C /* Assets.xcassets in Resources */ = {isa = PBXBuildFile; fileRef = AA555935222816B900C1A86C /* Assets.xcassets */; };
		AA555939222816B900C1A86C /* LaunchScreen.storyboard in Resources */ = {isa = PBXBuildFile; fileRef = AA555937222816B900C1A86C /* LaunchScreen.storyboard */; };
		AA555941222824E100C1A86C /* LoginFormController.swift in Sources */ = {isa = PBXBuildFile; fileRef = AA555940222824E100C1A86C /* LoginFormController.swift */; };
		AA5559482232BD1000C1A86C /* AllGroupsCell.swift in Sources */ = {isa = PBXBuildFile; fileRef = AA5559472232BD1000C1A86C /* AllGroupsCell.swift */; };
		AA55594C2232C5B000C1A86C /* MyGroupsCell.swift in Sources */ = {isa = PBXBuildFile; fileRef = AA55594B2232C5B000C1A86C /* MyGroupsCell.swift */; };
		AA5559502232D71600C1A86C /* FriendsCell.swift in Sources */ = {isa = PBXBuildFile; fileRef = AA55594F2232D71600C1A86C /* FriendsCell.swift */; };
		AA570456223D7973003F2E3F /* FakeData.swift in Sources */ = {isa = PBXBuildFile; fileRef = AA570455223D7973003F2E3F /* FakeData.swift */; };
		AA570458223D8DD3003F2E3F /* FriendsHeader.swift in Sources */ = {isa = PBXBuildFile; fileRef = AA570457223D8DD3003F2E3F /* FriendsHeader.swift */; };
		AA90145322735A7A009C558B /* RealData.swift in Sources */ = {isa = PBXBuildFile; fileRef = AA90145222735A7A009C558B /* RealData.swift */; };
		AA90145522774BAF009C558B /* LoginVKController.swift in Sources */ = {isa = PBXBuildFile; fileRef = AA90145422774BAF009C558B /* LoginVKController.swift */; };
		AA9014582277521E009C558B /* WebKit.framework in Frameworks */ = {isa = PBXBuildFile; fileRef = AA9014572277521D009C558B /* WebKit.framework */; };
		AA9729D52232DCE500C24885 /* FriendCell.swift in Sources */ = {isa = PBXBuildFile; fileRef = AA9729D42232DCE500C24885 /* FriendCell.swift */; };
		AA9729D72235AC1400C24885 /* LikeControl.swift in Sources */ = {isa = PBXBuildFile; fileRef = AA9729D62235AC1400C24885 /* LikeControl.swift */; };
		AA9729DA22368C2D00C24885 /* RoundImageView.swift in Sources */ = {isa = PBXBuildFile; fileRef = AA9729D922368C2D00C24885 /* RoundImageView.swift */; };
		AA9729E0223BCBF200C24885 /* MyGroupsVC.swift in Sources */ = {isa = PBXBuildFile; fileRef = AA9729DF223BCBF200C24885 /* MyGroupsVC.swift */; };
		AA9729E2223BCC1500C24885 /* AllGroupsVC.swift in Sources */ = {isa = PBXBuildFile; fileRef = AA9729E1223BCC1500C24885 /* AllGroupsVC.swift */; };
		AA9729E4223BE75D00C24885 /* FriendVC.swift in Sources */ = {isa = PBXBuildFile; fileRef = AA9729E3223BE75D00C24885 /* FriendVC.swift */; };
		AA9729E6223C06A900C24885 /* FriendsVC.swift in Sources */ = {isa = PBXBuildFile; fileRef = AA9729E5223C06A900C24885 /* FriendsVC.swift */; };
		AAD4EF32223E50CE0061F2F4 /* FriendsHeader.xib in Resources */ = {isa = PBXBuildFile; fileRef = AAD4EF31223E50CE0061F2F4 /* FriendsHeader.xib */; };
		AAFDA35E223FFB3300606D34 /* NewsVC.swift in Sources */ = {isa = PBXBuildFile; fileRef = AAFDA35D223FFB3300606D34 /* NewsVC.swift */; };
		AAFDA360223FFDA200606D34 /* NewsCell.swift in Sources */ = {isa = PBXBuildFile; fileRef = AAFDA35F223FFDA200606D34 /* NewsCell.swift */; };
		AAFDA3622242954000606D34 /* Functions.swift in Sources */ = {isa = PBXBuildFile; fileRef = AAFDA3612242954000606D34 /* Functions.swift */; };
		AAFDA3642242DDF000606D34 /* LoadingControl.swift in Sources */ = {isa = PBXBuildFile; fileRef = AAFDA3632242DDF000606D34 /* LoadingControl.swift */; };
/* End PBXBuildFile section */

/* Begin PBXFileReference section */
		AA02DFC2224D5D20003FC1B0 /* FriendsNC.swift */ = {isa = PBXFileReference; lastKnownFileType = sourcecode.swift; path = FriendsNC.swift; sourceTree = "<group>"; };
		AA02DFC4224E5155003FC1B0 /* GroupsNC.swift */ = {isa = PBXFileReference; lastKnownFileType = sourcecode.swift; path = GroupsNC.swift; sourceTree = "<group>"; };
		AA16D33F223C4B9D008BB559 /* LetterControl.swift */ = {isa = PBXFileReference; lastKnownFileType = sourcecode.swift; path = LetterControl.swift; sourceTree = "<group>"; };
		AA5370CB22482598006A6D7F /* Friend2VC.swift */ = {isa = PBXFileReference; lastKnownFileType = sourcecode.swift; path = Friend2VC.swift; sourceTree = "<group>"; };
		AA55592B222816B800C1A86C /* IvVk.app */ = {isa = PBXFileReference; explicitFileType = wrapper.application; includeInIndex = 0; path = IvVk.app; sourceTree = BUILT_PRODUCTS_DIR; };
		AA55592E222816B800C1A86C /* AppDelegate.swift */ = {isa = PBXFileReference; lastKnownFileType = sourcecode.swift; path = AppDelegate.swift; sourceTree = "<group>"; };
		AA555933222816B800C1A86C /* Base */ = {isa = PBXFileReference; lastKnownFileType = file.storyboard; name = Base; path = Base.lproj/Main.storyboard; sourceTree = "<group>"; };
		AA555935222816B900C1A86C /* Assets.xcassets */ = {isa = PBXFileReference; lastKnownFileType = folder.assetcatalog; path = Assets.xcassets; sourceTree = "<group>"; };
		AA555938222816B900C1A86C /* Base */ = {isa = PBXFileReference; lastKnownFileType = file.storyboard; name = Base; path = Base.lproj/LaunchScreen.storyboard; sourceTree = "<group>"; };
		AA55593A222816B900C1A86C /* Info.plist */ = {isa = PBXFileReference; lastKnownFileType = text.plist.xml; path = Info.plist; sourceTree = "<group>"; };
		AA555940222824E100C1A86C /* LoginFormController.swift */ = {isa = PBXFileReference; lastKnownFileType = sourcecode.swift; path = LoginFormController.swift; sourceTree = "<group>"; };
		AA5559472232BD1000C1A86C /* AllGroupsCell.swift */ = {isa = PBXFileReference; lastKnownFileType = sourcecode.swift; path = AllGroupsCell.swift; sourceTree = "<group>"; };
		AA55594B2232C5B000C1A86C /* MyGroupsCell.swift */ = {isa = PBXFileReference; lastKnownFileType = sourcecode.swift; path = MyGroupsCell.swift; sourceTree = "<group>"; };
		AA55594F2232D71600C1A86C /* FriendsCell.swift */ = {isa = PBXFileReference; lastKnownFileType = sourcecode.swift; path = FriendsCell.swift; sourceTree = "<group>"; };
		AA570455223D7973003F2E3F /* FakeData.swift */ = {isa = PBXFileReference; lastKnownFileType = sourcecode.swift; path = FakeData.swift; sourceTree = "<group>"; };
		AA570457223D8DD3003F2E3F /* FriendsHeader.swift */ = {isa = PBXFileReference; lastKnownFileType = sourcecode.swift; path = FriendsHeader.swift; sourceTree = "<group>"; };
		AA90145222735A7A009C558B /* RealData.swift */ = {isa = PBXFileReference; lastKnownFileType = sourcecode.swift; path = RealData.swift; sourceTree = "<group>"; };
		AA90145422774BAF009C558B /* LoginVKController.swift */ = {isa = PBXFileReference; lastKnownFileType = sourcecode.swift; path = LoginVKController.swift; sourceTree = "<group>"; };
		AA9014572277521D009C558B /* WebKit.framework */ = {isa = PBXFileReference; lastKnownFileType = wrapper.framework; name = WebKit.framework; path = System/Library/Frameworks/WebKit.framework; sourceTree = SDKROOT; };
		AA9729D42232DCE500C24885 /* FriendCell.swift */ = {isa = PBXFileReference; lastKnownFileType = sourcecode.swift; path = FriendCell.swift; sourceTree = "<group>"; };
		AA9729D62235AC1400C24885 /* LikeControl.swift */ = {isa = PBXFileReference; lastKnownFileType = sourcecode.swift; path = LikeControl.swift; sourceTree = "<group>"; };
		AA9729D922368C2D00C24885 /* RoundImageView.swift */ = {isa = PBXFileReference; lastKnownFileType = sourcecode.swift; path = RoundImageView.swift; sourceTree = "<group>"; };
		AA9729DF223BCBF200C24885 /* MyGroupsVC.swift */ = {isa = PBXFileReference; lastKnownFileType = sourcecode.swift; path = MyGroupsVC.swift; sourceTree = "<group>"; };
		AA9729E1223BCC1500C24885 /* AllGroupsVC.swift */ = {isa = PBXFileReference; lastKnownFileType = sourcecode.swift; path = AllGroupsVC.swift; sourceTree = "<group>"; };
		AA9729E3223BE75D00C24885 /* FriendVC.swift */ = {isa = PBXFileReference; lastKnownFileType = sourcecode.swift; path = FriendVC.swift; sourceTree = "<group>"; };
		AA9729E5223C06A900C24885 /* FriendsVC.swift */ = {isa = PBXFileReference; lastKnownFileType = sourcecode.swift; path = FriendsVC.swift; sourceTree = "<group>"; };
		AAD4EF31223E50CE0061F2F4 /* FriendsHeader.xib */ = {isa = PBXFileReference; lastKnownFileType = file.xib; path = FriendsHeader.xib; sourceTree = "<group>"; };
		AAFDA35D223FFB3300606D34 /* NewsVC.swift */ = {isa = PBXFileReference; lastKnownFileType = sourcecode.swift; path = NewsVC.swift; sourceTree = "<group>"; };
		AAFDA35F223FFDA200606D34 /* NewsCell.swift */ = {isa = PBXFileReference; lastKnownFileType = sourcecode.swift; path = NewsCell.swift; sourceTree = "<group>"; };
		AAFDA3612242954000606D34 /* Functions.swift */ = {isa = PBXFileReference; lastKnownFileType = sourcecode.swift; path = Functions.swift; sourceTree = "<group>"; };
		AAFDA3632242DDF000606D34 /* LoadingControl.swift */ = {isa = PBXFileReference; lastKnownFileType = sourcecode.swift; path = LoadingControl.swift; sourceTree = "<group>"; };
/* End PBXFileReference section */

/* Begin PBXFrameworksBuildPhase section */
		AA555928222816B800C1A86C /* Frameworks */ = {
			isa = PBXFrameworksBuildPhase;
			buildActionMask = 2147483647;
			files = (
				AA9014582277521E009C558B /* WebKit.framework in Frameworks */,
			);
			runOnlyForDeploymentPostprocessing = 0;
		};
/* End PBXFrameworksBuildPhase section */

/* Begin PBXGroup section */
		AA555922222816B800C1A86C = {
			isa = PBXGroup;
			children = (
				AA55592D222816B800C1A86C /* IvVk */,
				AA55592C222816B800C1A86C /* Products */,
				AA9014562277521D009C558B /* Frameworks */,
			);
			sourceTree = "<group>";
		};
		AA55592C222816B800C1A86C /* Products */ = {
			isa = PBXGroup;
			children = (
				AA55592B222816B800C1A86C /* IvVk.app */,
			);
			name = Products;
			sourceTree = "<group>";
		};
		AA55592D222816B800C1A86C /* IvVk */ = {
			isa = PBXGroup;
			children = (
				AAFDA35C223FFB0500606D34 /* News */,
				AA570454223D7935003F2E3F /* Data */,
				AA9729D822368BC300C24885 /* Controls */,
				AA5559442232B81300C1A86C /* Groups */,
				AA5559432232B80300C1A86C /* Friends */,
				AA55592E222816B800C1A86C /* AppDelegate.swift */,
				AA555932222816B800C1A86C /* Main.storyboard */,
				AA555935222816B900C1A86C /* Assets.xcassets */,
				AA555937222816B900C1A86C /* LaunchScreen.storyboard */,
				AA55593A222816B900C1A86C /* Info.plist */,
				AA555940222824E100C1A86C /* LoginFormController.swift */,
				AA90145422774BAF009C558B /* LoginVKController.swift */,
			);
			path = IvVk;
			sourceTree = "<group>";
		};
		AA5559432232B80300C1A86C /* Friends */ = {
			isa = PBXGroup;
			children = (
				AA9729E5223C06A900C24885 /* FriendsVC.swift */,
				AA570457223D8DD3003F2E3F /* FriendsHeader.swift */,
				AAD4EF31223E50CE0061F2F4 /* FriendsHeader.xib */,
				AA55594F2232D71600C1A86C /* FriendsCell.swift */,
				AA9729E3223BE75D00C24885 /* FriendVC.swift */,
				AA9729D42232DCE500C24885 /* FriendCell.swift */,
				AA5370CB22482598006A6D7F /* Friend2VC.swift */,
				AA02DFC2224D5D20003FC1B0 /* FriendsNC.swift */,
			);
			path = Friends;
			sourceTree = "<group>";
		};
		AA5559442232B81300C1A86C /* Groups */ = {
			isa = PBXGroup;
			children = (
				AA9729E1223BCC1500C24885 /* AllGroupsVC.swift */,
				AA5559472232BD1000C1A86C /* AllGroupsCell.swift */,
				AA9729DF223BCBF200C24885 /* MyGroupsVC.swift */,
				AA55594B2232C5B000C1A86C /* MyGroupsCell.swift */,
				AA02DFC4224E5155003FC1B0 /* GroupsNC.swift */,
			);
			path = Groups;
			sourceTree = "<group>";
		};
		AA570454223D7935003F2E3F /* Data */ = {
			isa = PBXGroup;
			children = (
				AA570455223D7973003F2E3F /* FakeData.swift */,
				AA90145222735A7A009C558B /* RealData.swift */,
			);
			path = Data;
			sourceTree = "<group>";
		};
		AA9014562277521D009C558B /* Frameworks */ = {
			isa = PBXGroup;
			children = (
				AA9014572277521D009C558B /* WebKit.framework */,
			);
			name = Frameworks;
			sourceTree = "<group>";
		};
		AA9729D822368BC300C24885 /* Controls */ = {
			isa = PBXGroup;
			children = (
				AA9729D62235AC1400C24885 /* LikeControl.swift */,
				AA9729D922368C2D00C24885 /* RoundImageView.swift */,
				AA16D33F223C4B9D008BB559 /* LetterControl.swift */,
				AAFDA3612242954000606D34 /* Functions.swift */,
				AAFDA3632242DDF000606D34 /* LoadingControl.swift */,
			);
			path = Controls;
			sourceTree = "<group>";
		};
		AAFDA35C223FFB0500606D34 /* News */ = {
			isa = PBXGroup;
			children = (
				AAFDA35D223FFB3300606D34 /* NewsVC.swift */,
				AAFDA35F223FFDA200606D34 /* NewsCell.swift */,
			);
			path = News;
			sourceTree = "<group>";
		};
/* End PBXGroup section */

/* Begin PBXNativeTarget section */
		AA55592A222816B800C1A86C /* IvVk */ = {
			isa = PBXNativeTarget;
			buildConfigurationList = AA55593D222816B900C1A86C /* Build configuration list for PBXNativeTarget "IvVk" */;
			buildPhases = (
				AA555927222816B800C1A86C /* Sources */,
				AA555928222816B800C1A86C /* Frameworks */,
				AA555929222816B800C1A86C /* Resources */,
			);
			buildRules = (
			);
			dependencies = (
			);
			name = IvVk;
			productName = Lesson1.1;
			productReference = AA55592B222816B800C1A86C /* IvVk.app */;
			productType = "com.apple.product-type.application";
		};
/* End PBXNativeTarget section */

/* Begin PBXProject section */
		AA555923222816B800C1A86C /* Project object */ = {
			isa = PBXProject;
			attributes = {
				LastSwiftUpdateCheck = 1010;
				LastUpgradeCheck = 1010;
				ORGANIZATIONNAME = Iv;
				TargetAttributes = {
					AA55592A222816B800C1A86C = {
						CreatedOnToolsVersion = 10.1;
						LastSwiftMigration = 1020;
					};
				};
			};
			buildConfigurationList = AA555926222816B800C1A86C /* Build configuration list for PBXProject "IvVk" */;
			compatibilityVersion = "Xcode 9.3";
			developmentRegion = en;
			hasScannedForEncodings = 0;
			knownRegions = (
				en,
				Base,
			);
			mainGroup = AA555922222816B800C1A86C;
			productRefGroup = AA55592C222816B800C1A86C /* Products */;
			projectDirPath = "";
			projectRoot = "";
			targets = (
				AA55592A222816B800C1A86C /* IvVk */,
			);
		};
/* End PBXProject section */

/* Begin PBXResourcesBuildPhase section */
		AA555929222816B800C1A86C /* Resources */ = {
			isa = PBXResourcesBuildPhase;
			buildActionMask = 2147483647;
			files = (
				AA555939222816B900C1A86C /* LaunchScreen.storyboard in Resources */,
				AA555936222816B900C1A86C /* Assets.xcassets in Resources */,
				AAD4EF32223E50CE0061F2F4 /* FriendsHeader.xib in Resources */,
				AA555934222816B800C1A86C /* Main.storyboard in Resources */,
			);
			runOnlyForDeploymentPostprocessing = 0;
		};
/* End PBXResourcesBuildPhase section */

/* Begin PBXSourcesBuildPhase section */
		AA555927222816B800C1A86C /* Sources */ = {
			isa = PBXSourcesBuildPhase;
			buildActionMask = 2147483647;
			files = (
				AA55592F222816B800C1A86C /* AppDelegate.swift in Sources */,
				AA9729D72235AC1400C24885 /* LikeControl.swift in Sources */,
				AA16D340223C4B9D008BB559 /* LetterControl.swift in Sources */,
				AA555941222824E100C1A86C /* LoginFormController.swift in Sources */,
				AA9729DA22368C2D00C24885 /* RoundImageView.swift in Sources */,
				AA9729E2223BCC1500C24885 /* AllGroupsVC.swift in Sources */,
				AA570456223D7973003F2E3F /* FakeData.swift in Sources */,
				AA570458223D8DD3003F2E3F /* FriendsHeader.swift in Sources */,
				AA90145522774BAF009C558B /* LoginVKController.swift in Sources */,
				AA02DFC5224E5155003FC1B0 /* GroupsNC.swift in Sources */,
				AA9729E0223BCBF200C24885 /* MyGroupsVC.swift in Sources */,
				AA90145322735A7A009C558B /* RealData.swift in Sources */,
				AA5559482232BD1000C1A86C /* AllGroupsCell.swift in Sources */,
				AA9729E4223BE75D00C24885 /* FriendVC.swift in Sources */,
				AAFDA3622242954000606D34 /* Functions.swift in Sources */,
				AA55594C2232C5B000C1A86C /* MyGroupsCell.swift in Sources */,
				AA5559502232D71600C1A86C /* FriendsCell.swift in Sources */,
				AAFDA360223FFDA200606D34 /* NewsCell.swift in Sources */,
				AAFDA35E223FFB3300606D34 /* NewsVC.swift in Sources */,
				AA02DFC3224D5D20003FC1B0 /* FriendsNC.swift in Sources */,
				AAFDA3642242DDF000606D34 /* LoadingControl.swift in Sources */,
				AA5370CC22482598006A6D7F /* Friend2VC.swift in Sources */,
				AA9729E6223C06A900C24885 /* FriendsVC.swift in Sources */,
				AA9729D52232DCE500C24885 /* FriendCell.swift in Sources */,
			);
			runOnlyForDeploymentPostprocessing = 0;
		};
/* End PBXSourcesBuildPhase section */

/* Begin PBXVariantGroup section */
		AA555932222816B800C1A86C /* Main.storyboard */ = {
			isa = PBXVariantGroup;
			children = (
				AA555933222816B800C1A86C /* Base */,
			);
			name = Main.storyboard;
			sourceTree = "<group>";
		};
		AA555937222816B900C1A86C /* LaunchScreen.storyboard */ = {
			isa = PBXVariantGroup;
			children = (
				AA555938222816B900C1A86C /* Base */,
			);
			name = LaunchScreen.storyboard;
			sourceTree = "<group>";
		};
/* End PBXVariantGroup section */

/* Begin XCBuildConfiguration section */
		AA55593B222816B900C1A86C /* Debug */ = {
			isa = XCBuildConfiguration;
			buildSettings = {
				ALWAYS_SEARCH_USER_PATHS = NO;
				CLANG_ANALYZER_NONNULL = YES;
				CLANG_ANALYZER_NUMBER_OBJECT_CONVERSION = YES_AGGRESSIVE;
				CLANG_CXX_LANGUAGE_STANDARD = "gnu++14";
				CLANG_CXX_LIBRARY = "libc++";
				CLANG_ENABLE_MODULES = YES;
				CLANG_ENABLE_OBJC_ARC = YES;
				CLANG_ENABLE_OBJC_WEAK = YES;
				CLANG_WARN_BLOCK_CAPTURE_AUTORELEASING = YES;
				CLANG_WARN_BOOL_CONVERSION = YES;
				CLANG_WARN_COMMA = YES;
				CLANG_WARN_CONSTANT_CONVERSION = YES;
				CLANG_WARN_DEPRECATED_OBJC_IMPLEMENTATIONS = YES;
				CLANG_WARN_DIRECT_OBJC_ISA_USAGE = YES_ERROR;
				CLANG_WARN_DOCUMENTATION_COMMENTS = YES;
				CLANG_WARN_EMPTY_BODY = YES;
				CLANG_WARN_ENUM_CONVERSION = YES;
				CLANG_WARN_INFINITE_RECURSION = YES;
				CLANG_WARN_INT_CONVERSION = YES;
				CLANG_WARN_NON_LITERAL_NULL_CONVERSION = YES;
				CLANG_WARN_OBJC_IMPLICIT_RETAIN_SELF = YES;
				CLANG_WARN_OBJC_LITERAL_CONVERSION = YES;
				CLANG_WARN_OBJC_ROOT_CLASS = YES_ERROR;
				CLANG_WARN_RANGE_LOOP_ANALYSIS = YES;
				CLANG_WARN_STRICT_PROTOTYPES = YES;
				CLANG_WARN_SUSPICIOUS_MOVE = YES;
				CLANG_WARN_UNGUARDED_AVAILABILITY = YES_AGGRESSIVE;
				CLANG_WARN_UNREACHABLE_CODE = YES;
				CLANG_WARN__DUPLICATE_METHOD_MATCH = YES;
				CODE_SIGN_IDENTITY = "iPhone Developer";
				COPY_PHASE_STRIP = NO;
				DEBUG_INFORMATION_FORMAT = dwarf;
				ENABLE_STRICT_OBJC_MSGSEND = YES;
				ENABLE_TESTABILITY = YES;
				GCC_C_LANGUAGE_STANDARD = gnu11;
				GCC_DYNAMIC_NO_PIC = NO;
				GCC_NO_COMMON_BLOCKS = YES;
				GCC_OPTIMIZATION_LEVEL = 0;
				GCC_PREPROCESSOR_DEFINITIONS = (
					"DEBUG=1",
					"$(inherited)",
				);
				GCC_WARN_64_TO_32_BIT_CONVERSION = YES;
				GCC_WARN_ABOUT_RETURN_TYPE = YES_ERROR;
				GCC_WARN_UNDECLARED_SELECTOR = YES;
				GCC_WARN_UNINITIALIZED_AUTOS = YES_AGGRESSIVE;
				GCC_WARN_UNUSED_FUNCTION = YES;
				GCC_WARN_UNUSED_VARIABLE = YES;
				IPHONEOS_DEPLOYMENT_TARGET = 12.1;
				MTL_ENABLE_DEBUG_INFO = INCLUDE_SOURCE;
				MTL_FAST_MATH = YES;
				ONLY_ACTIVE_ARCH = YES;
				SDKROOT = iphoneos;
				SWIFT_ACTIVE_COMPILATION_CONDITIONS = DEBUG;
				SWIFT_OPTIMIZATION_LEVEL = "-Onone";
			};
			name = Debug;
		};
		AA55593C222816B900C1A86C /* Release */ = {
			isa = XCBuildConfiguration;
			buildSettings = {
				ALWAYS_SEARCH_USER_PATHS = NO;
				CLANG_ANALYZER_NONNULL = YES;
				CLANG_ANALYZER_NUMBER_OBJECT_CONVERSION = YES_AGGRESSIVE;
				CLANG_CXX_LANGUAGE_STANDARD = "gnu++14";
				CLANG_CXX_LIBRARY = "libc++";
				CLANG_ENABLE_MODULES = YES;
				CLANG_ENABLE_OBJC_ARC = YES;
				CLANG_ENABLE_OBJC_WEAK = YES;
				CLANG_WARN_BLOCK_CAPTURE_AUTORELEASING = YES;
				CLANG_WARN_BOOL_CONVERSION = YES;
				CLANG_WARN_COMMA = YES;
				CLANG_WARN_CONSTANT_CONVERSION = YES;
				CLANG_WARN_DEPRECATED_OBJC_IMPLEMENTATIONS = YES;
				CLANG_WARN_DIRECT_OBJC_ISA_USAGE = YES_ERROR;
				CLANG_WARN_DOCUMENTATION_COMMENTS = YES;
				CLANG_WARN_EMPTY_BODY = YES;
				CLANG_WARN_ENUM_CONVERSION = YES;
				CLANG_WARN_INFINITE_RECURSION = YES;
				CLANG_WARN_INT_CONVERSION = YES;
				CLANG_WARN_NON_LITERAL_NULL_CONVERSION = YES;
				CLANG_WARN_OBJC_IMPLICIT_RETAIN_SELF = YES;
				CLANG_WARN_OBJC_LITERAL_CONVERSION = YES;
				CLANG_WARN_OBJC_ROOT_CLASS = YES_ERROR;
				CLANG_WARN_RANGE_LOOP_ANALYSIS = YES;
				CLANG_WARN_STRICT_PROTOTYPES = YES;
				CLANG_WARN_SUSPICIOUS_MOVE = YES;
				CLANG_WARN_UNGUARDED_AVAILABILITY = YES_AGGRESSIVE;
				CLANG_WARN_UNREACHABLE_CODE = YES;
				CLANG_WARN__DUPLICATE_METHOD_MATCH = YES;
				CODE_SIGN_IDENTITY = "iPhone Developer";
				COPY_PHASE_STRIP = NO;
				DEBUG_INFORMATION_FORMAT = "dwarf-with-dsym";
				ENABLE_NS_ASSERTIONS = NO;
				ENABLE_STRICT_OBJC_MSGSEND = YES;
				GCC_C_LANGUAGE_STANDARD = gnu11;
				GCC_NO_COMMON_BLOCKS = YES;
				GCC_WARN_64_TO_32_BIT_CONVERSION = YES;
				GCC_WARN_ABOUT_RETURN_TYPE = YES_ERROR;
				GCC_WARN_UNDECLARED_SELECTOR = YES;
				GCC_WARN_UNINITIALIZED_AUTOS = YES_AGGRESSIVE;
				GCC_WARN_UNUSED_FUNCTION = YES;
				GCC_WARN_UNUSED_VARIABLE = YES;
				IPHONEOS_DEPLOYMENT_TARGET = 12.1;
				MTL_ENABLE_DEBUG_INFO = NO;
				MTL_FAST_MATH = YES;
				SDKROOT = iphoneos;
				SWIFT_COMPILATION_MODE = wholemodule;
				SWIFT_OPTIMIZATION_LEVEL = "-O";
				VALIDATE_PRODUCT = YES;
			};
			name = Release;
		};
		AA55593E222816B900C1A86C /* Debug */ = {
			isa = XCBuildConfiguration;
			buildSettings = {
				ASSETCATALOG_COMPILER_APPICON_NAME = AppIcon;
				CODE_SIGN_STYLE = Automatic;
				DEVELOPMENT_TEAM = 77ZCAQB7LG;
				INFOPLIST_FILE = "$(SRCROOT)/IvVk/Info.plist";
				IPHONEOS_DEPLOYMENT_TARGET = 12.1;
				LD_RUNPATH_SEARCH_PATHS = (
					"$(inherited)",
					"@executable_path/Frameworks",
				);
				PRODUCT_BUNDLE_IDENTIFIER = Iv.IvVk;
				PRODUCT_NAME = IvVk;
				SWIFT_VERSION = 5.0;
				TARGETED_DEVICE_FAMILY = "1,2";
			};
			name = Debug;
		};
		AA55593F222816B900C1A86C /* Release */ = {
			isa = XCBuildConfiguration;
			buildSettings = {
				ASSETCATALOG_COMPILER_APPICON_NAME = AppIcon;
				CODE_SIGN_STYLE = Automatic;
				DEVELOPMENT_TEAM = 77ZCAQB7LG;
				INFOPLIST_FILE = "$(SRCROOT)/IvVk/Info.plist";
				IPHONEOS_DEPLOYMENT_TARGET = 12.1;
				LD_RUNPATH_SEARCH_PATHS = (
					"$(inherited)",
					"@executable_path/Frameworks",
				);
				PRODUCT_BUNDLE_IDENTIFIER = Iv.IvVk;
				PRODUCT_NAME = IvVk;
				SWIFT_VERSION = 5.0;
				TARGETED_DEVICE_FAMILY = "1,2";
			};
			name = Release;
		};
/* End XCBuildConfiguration section */

/* Begin XCConfigurationList section */
		AA555926222816B800C1A86C /* Build configuration list for PBXProject "IvVk" */ = {
			isa = XCConfigurationList;
			buildConfigurations = (
				AA55593B222816B900C1A86C /* Debug */,
				AA55593C222816B900C1A86C /* Release */,
			);
			defaultConfigurationIsVisible = 0;
			defaultConfigurationName = Release;
		};
		AA55593D222816B900C1A86C /* Build configuration list for PBXNativeTarget "IvVk" */ = {
			isa = XCConfigurationList;
			buildConfigurations = (
				AA55593E222816B900C1A86C /* Debug */,
				AA55593F222816B900C1A86C /* Release */,
			);
			defaultConfigurationIsVisible = 0;
			defaultConfigurationName = Release;
		};
/* End XCConfigurationList section */
	};
	rootObject = AA555923222816B800C1A86C /* Project object */;
}
